// !$*UTF8*$!
{
	archiveVersion = 1;
	classes = {
	};
	objectVersion = 46;
	objects = {

/* Begin PBXBuildFile section */
		AC057DCE1D9AC10E005C85AC /* PadEvent.m in Sources */ = {isa = PBXBuildFile; fileRef = AC057DCD1D9AC10E005C85AC /* PadEvent.m */; };
		AC1F50031DC7CEBD005A8B6D /* PadMonthCollectionViewForYearCell.m in Sources */ = {isa = PBXBuildFile; fileRef = AC1F50021DC7CEBD005A8B6D /* PadMonthCollectionViewForYearCell.m */; };
		AC1F50091DC7DC71005A8B6D /* PadMonthCellForYearCell.m in Sources */ = {isa = PBXBuildFile; fileRef = AC1F50081DC7DC71005A8B6D /* PadMonthCellForYearCell.m */; };
		AC1F500C1DC7DEA0005A8B6D /* PadHeaderMonthForYearCell.m in Sources */ = {isa = PBXBuildFile; fileRef = AC1F500B1DC7DEA0005A8B6D /* PadHeaderMonthForYearCell.m */; };
		AC20CECF1DC0051E008451E6 /* PadYearCollectionViewLayout.m in Sources */ = {isa = PBXBuildFile; fileRef = AC20CECE1DC0051E008451E6 /* PadYearCollectionViewLayout.m */; };
		AC20CED31DC010E2008451E6 /* PadYearCell.m in Sources */ = {isa = PBXBuildFile; fileRef = AC20CED21DC010E2008451E6 /* PadYearCell.m */; };
		AC37314F1D83B6B700D7EB04 /* main.m in Sources */ = {isa = PBXBuildFile; fileRef = AC37314E1D83B6B700D7EB04 /* main.m */; };
		AC3731521D83B6B700D7EB04 /* AppDelegate.m in Sources */ = {isa = PBXBuildFile; fileRef = AC3731511D83B6B700D7EB04 /* AppDelegate.m */; };
		AC3731581D83B6B700D7EB04 /* Main.storyboard in Resources */ = {isa = PBXBuildFile; fileRef = AC3731561D83B6B700D7EB04 /* Main.storyboard */; };
		AC37315A1D83B6B700D7EB04 /* Assets.xcassets in Resources */ = {isa = PBXBuildFile; fileRef = AC3731591D83B6B700D7EB04 /* Assets.xcassets */; };
		AC37315D1D83B6B700D7EB04 /* LaunchScreen.storyboard in Resources */ = {isa = PBXBuildFile; fileRef = AC37315B1D83B6B700D7EB04 /* LaunchScreen.storyboard */; };
		AC3731681D83B6B700D7EB04 /* PadCalendarTests.m in Sources */ = {isa = PBXBuildFile; fileRef = AC3731671D83B6B700D7EB04 /* PadCalendarTests.m */; };
		AC3731731D83B6B700D7EB04 /* PadCalendarUITests.m in Sources */ = {isa = PBXBuildFile; fileRef = AC3731721D83B6B700D7EB04 /* PadCalendarUITests.m */; };
		AC37318B1D83BF1D00D7EB04 /* PadCalendarViewController.m in Sources */ = {isa = PBXBuildFile; fileRef = AC37318A1D83BF1D00D7EB04 /* PadCalendarViewController.m */; };
		AC3731961D83DF1300D7EB04 /* UIColor+PadMoreColors.m in Sources */ = {isa = PBXBuildFile; fileRef = AC3731951D83DF1300D7EB04 /* UIColor+PadMoreColors.m */; };
		AC37319A1D83E1BD00D7EB04 /* PadRedAndWhiteButton.m in Sources */ = {isa = PBXBuildFile; fileRef = AC3731991D83E1BD00D7EB04 /* PadRedAndWhiteButton.m */; };
		AC37319D1D83E58100D7EB04 /* UIImage+PadCustomMethods.m in Sources */ = {isa = PBXBuildFile; fileRef = AC37319C1D83E58100D7EB04 /* UIImage+PadCustomMethods.m */; };
		AC4DE6D41D9D5F5800F8D67B /* PadSearchBarWithAutoComplete.m in Sources */ = {isa = PBXBuildFile; fileRef = AC4DE6D31D9D5F5800F8D67B /* PadSearchBarWithAutoComplete.m */; };
		AC539B211D86D14B007ADE60 /* PadAddEventPopoverController.m in Sources */ = {isa = PBXBuildFile; fileRef = AC539B201D86D14B007ADE60 /* PadAddEventPopoverController.m */; };
		AC5578F61DA489D100C224D6 /* NSDate+PadDayCount.m in Sources */ = {isa = PBXBuildFile; fileRef = AC5578F51DA489D100C224D6 /* NSDate+PadDayCount.m */; };
		AC6305EC1DBFE910003B0870 /* PadDateManager.m in Sources */ = {isa = PBXBuildFile; fileRef = AC6305EB1DBFE910003B0870 /* PadDateManager.m */; };
		AC6305F01DBFEA1F003B0870 /* PadYearCollectionView.m in Sources */ = {isa = PBXBuildFile; fileRef = AC6305EF1DBFEA1F003B0870 /* PadYearCollectionView.m */; };
		AC98583D1DA741F900C1967D /* PadTimePopoverController.m in Sources */ = {isa = PBXBuildFile; fileRef = AC98583C1DA741F900C1967D /* PadTimePopoverController.m */; };
		ACA082BC1DA6493C0042C3C4 /* PadDatePopoverController.m in Sources */ = {isa = PBXBuildFile; fileRef = ACA082BB1DA6493C0042C3C4 /* PadDatePopoverController.m */; };
		ACC8E4721DBE75A00025F648 /* PadYearCalendarView.m in Sources */ = {isa = PBXBuildFile; fileRef = ACC8E4711DBE75A00025F648 /* PadYearCalendarView.m */; };
		ACCD80481D9D609B00E61668 /* PadButtonWithDatePopover.m in Sources */ = {isa = PBXBuildFile; fileRef = ACCD80471D9D609B00E61668 /* PadButtonWithDatePopover.m */; };
		ACCD804B1D9D60B100E61668 /* PadButtonWithTimePopover.m in Sources */ = {isa = PBXBuildFile; fileRef = ACCD804A1D9D60B100E61668 /* PadButtonWithTimePopover.m */; };
		ACD41FD41D8426E70071FBDB /* PadAddEventPopoverButton.m in Sources */ = {isa = PBXBuildFile; fileRef = ACD41FD31D8426E70071FBDB /* PadAddEventPopoverButton.m */; };
/* End PBXBuildFile section */

/* Begin PBXContainerItemProxy section */
		AC3731641D83B6B700D7EB04 /* PBXContainerItemProxy */ = {
			isa = PBXContainerItemProxy;
			containerPortal = AC3731421D83B6B700D7EB04 /* Project object */;
			proxyType = 1;
			remoteGlobalIDString = AC3731491D83B6B700D7EB04;
			remoteInfo = PadCalendar;
		};
		AC37316F1D83B6B700D7EB04 /* PBXContainerItemProxy */ = {
			isa = PBXContainerItemProxy;
			containerPortal = AC3731421D83B6B700D7EB04 /* Project object */;
			proxyType = 1;
			remoteGlobalIDString = AC3731491D83B6B700D7EB04;
			remoteInfo = PadCalendar;
		};
/* End PBXContainerItemProxy section */

/* Begin PBXFileReference section */
		AC057DCC1D9AC10E005C85AC /* PadEvent.h */ = {isa = PBXFileReference; fileEncoding = 4; lastKnownFileType = sourcecode.c.h; path = PadEvent.h; sourceTree = "<group>"; };
		AC057DCD1D9AC10E005C85AC /* PadEvent.m */ = {isa = PBXFileReference; fileEncoding = 4; lastKnownFileType = sourcecode.c.objc; path = PadEvent.m; sourceTree = "<group>"; };
		AC0CF9401D8C2DF000328B31 /* PadConstants.h */ = {isa = PBXFileReference; fileEncoding = 4; lastKnownFileType = sourcecode.c.h; path = PadConstants.h; sourceTree = "<group>"; };
		AC1F50011DC7CEBD005A8B6D /* PadMonthCollectionViewForYearCell.h */ = {isa = PBXFileReference; fileEncoding = 4; lastKnownFileType = sourcecode.c.h; path = PadMonthCollectionViewForYearCell.h; sourceTree = "<group>"; };
		AC1F50021DC7CEBD005A8B6D /* PadMonthCollectionViewForYearCell.m */ = {isa = PBXFileReference; fileEncoding = 4; lastKnownFileType = sourcecode.c.objc; path = PadMonthCollectionViewForYearCell.m; sourceTree = "<group>"; };
		AC1F50071DC7DC71005A8B6D /* PadMonthCellForYearCell.h */ = {isa = PBXFileReference; fileEncoding = 4; lastKnownFileType = sourcecode.c.h; path = PadMonthCellForYearCell.h; sourceTree = "<group>"; };
		AC1F50081DC7DC71005A8B6D /* PadMonthCellForYearCell.m */ = {isa = PBXFileReference; fileEncoding = 4; lastKnownFileType = sourcecode.c.objc; path = PadMonthCellForYearCell.m; sourceTree = "<group>"; };
		AC1F500A1DC7DEA0005A8B6D /* PadHeaderMonthForYearCell.h */ = {isa = PBXFileReference; fileEncoding = 4; lastKnownFileType = sourcecode.c.h; path = PadHeaderMonthForYearCell.h; sourceTree = "<group>"; };
		AC1F500B1DC7DEA0005A8B6D /* PadHeaderMonthForYearCell.m */ = {isa = PBXFileReference; fileEncoding = 4; lastKnownFileType = sourcecode.c.objc; path = PadHeaderMonthForYearCell.m; sourceTree = "<group>"; };
		AC20CECD1DC0051E008451E6 /* PadYearCollectionViewLayout.h */ = {isa = PBXFileReference; fileEncoding = 4; lastKnownFileType = sourcecode.c.h; path = PadYearCollectionViewLayout.h; sourceTree = "<group>"; };
		AC20CECE1DC0051E008451E6 /* PadYearCollectionViewLayout.m */ = {isa = PBXFileReference; fileEncoding = 4; lastKnownFileType = sourcecode.c.objc; path = PadYearCollectionViewLayout.m; sourceTree = "<group>"; };
		AC20CED11DC010E2008451E6 /* PadYearCell.h */ = {isa = PBXFileReference; fileEncoding = 4; lastKnownFileType = sourcecode.c.h; path = PadYearCell.h; sourceTree = "<group>"; };
		AC20CED21DC010E2008451E6 /* PadYearCell.m */ = {isa = PBXFileReference; fileEncoding = 4; lastKnownFileType = sourcecode.c.objc; path = PadYearCell.m; sourceTree = "<group>"; };
		AC37314A1D83B6B700D7EB04 /* PadCalendar.app */ = {isa = PBXFileReference; explicitFileType = wrapper.application; includeInIndex = 0; path = PadCalendar.app; sourceTree = BUILT_PRODUCTS_DIR; };
		AC37314E1D83B6B700D7EB04 /* main.m */ = {isa = PBXFileReference; lastKnownFileType = sourcecode.c.objc; path = main.m; sourceTree = "<group>"; };
		AC3731501D83B6B700D7EB04 /* AppDelegate.h */ = {isa = PBXFileReference; lastKnownFileType = sourcecode.c.h; path = AppDelegate.h; sourceTree = "<group>"; };
		AC3731511D83B6B700D7EB04 /* AppDelegate.m */ = {isa = PBXFileReference; lastKnownFileType = sourcecode.c.objc; path = AppDelegate.m; sourceTree = "<group>"; };
		AC3731571D83B6B700D7EB04 /* Base */ = {isa = PBXFileReference; lastKnownFileType = file.storyboard; name = Base; path = Base.lproj/Main.storyboard; sourceTree = "<group>"; };
		AC3731591D83B6B700D7EB04 /* Assets.xcassets */ = {isa = PBXFileReference; lastKnownFileType = folder.assetcatalog; path = Assets.xcassets; sourceTree = "<group>"; };
		AC37315C1D83B6B700D7EB04 /* Base */ = {isa = PBXFileReference; lastKnownFileType = file.storyboard; name = Base; path = Base.lproj/LaunchScreen.storyboard; sourceTree = "<group>"; };
		AC37315E1D83B6B700D7EB04 /* Info.plist */ = {isa = PBXFileReference; lastKnownFileType = text.plist.xml; path = Info.plist; sourceTree = "<group>"; };
		AC3731631D83B6B700D7EB04 /* PadCalendarTests.xctest */ = {isa = PBXFileReference; explicitFileType = wrapper.cfbundle; includeInIndex = 0; path = PadCalendarTests.xctest; sourceTree = BUILT_PRODUCTS_DIR; };
		AC3731671D83B6B700D7EB04 /* PadCalendarTests.m */ = {isa = PBXFileReference; lastKnownFileType = sourcecode.c.objc; path = PadCalendarTests.m; sourceTree = "<group>"; };
		AC3731691D83B6B700D7EB04 /* Info.plist */ = {isa = PBXFileReference; lastKnownFileType = text.plist.xml; path = Info.plist; sourceTree = "<group>"; };
		AC37316E1D83B6B700D7EB04 /* PadCalendarUITests.xctest */ = {isa = PBXFileReference; explicitFileType = wrapper.cfbundle; includeInIndex = 0; path = PadCalendarUITests.xctest; sourceTree = BUILT_PRODUCTS_DIR; };
		AC3731721D83B6B700D7EB04 /* PadCalendarUITests.m */ = {isa = PBXFileReference; lastKnownFileType = sourcecode.c.objc; path = PadCalendarUITests.m; sourceTree = "<group>"; };
		AC3731741D83B6B700D7EB04 /* Info.plist */ = {isa = PBXFileReference; lastKnownFileType = text.plist.xml; path = Info.plist; sourceTree = "<group>"; };
		AC3731891D83BF1D00D7EB04 /* PadCalendarViewController.h */ = {isa = PBXFileReference; fileEncoding = 4; lastKnownFileType = sourcecode.c.h; path = PadCalendarViewController.h; sourceTree = "<group>"; };
		AC37318A1D83BF1D00D7EB04 /* PadCalendarViewController.m */ = {isa = PBXFileReference; fileEncoding = 4; lastKnownFileType = sourcecode.c.objc; path = PadCalendarViewController.m; sourceTree = "<group>"; };
		AC37318D1D83DA8C00D7EB04 /* PadCalendars.h */ = {isa = PBXFileReference; lastKnownFileType = sourcecode.c.h; path = PadCalendars.h; sourceTree = "<group>"; };
		AC3731941D83DF1300D7EB04 /* UIColor+PadMoreColors.h */ = {isa = PBXFileReference; fileEncoding = 4; lastKnownFileType = sourcecode.c.h; name = "UIColor+PadMoreColors.h"; path = "PadCategories/UIColor+PadMoreColors.h"; sourceTree = "<group>"; };
		AC3731951D83DF1300D7EB04 /* UIColor+PadMoreColors.m */ = {isa = PBXFileReference; fileEncoding = 4; lastKnownFileType = sourcecode.c.objc; name = "UIColor+PadMoreColors.m"; path = "PadCategories/UIColor+PadMoreColors.m"; sourceTree = "<group>"; };
		AC3731981D83E1BD00D7EB04 /* PadRedAndWhiteButton.h */ = {isa = PBXFileReference; fileEncoding = 4; lastKnownFileType = sourcecode.c.h; path = PadRedAndWhiteButton.h; sourceTree = "<group>"; };
		AC3731991D83E1BD00D7EB04 /* PadRedAndWhiteButton.m */ = {isa = PBXFileReference; fileEncoding = 4; lastKnownFileType = sourcecode.c.objc; path = PadRedAndWhiteButton.m; sourceTree = "<group>"; };
		AC37319B1D83E58100D7EB04 /* UIImage+PadCustomMethods.h */ = {isa = PBXFileReference; fileEncoding = 4; lastKnownFileType = sourcecode.c.h; name = "UIImage+PadCustomMethods.h"; path = "PadCategories/UIImage+PadCustomMethods.h"; sourceTree = "<group>"; };
		AC37319C1D83E58100D7EB04 /* UIImage+PadCustomMethods.m */ = {isa = PBXFileReference; fileEncoding = 4; lastKnownFileType = sourcecode.c.objc; name = "UIImage+PadCustomMethods.m"; path = "PadCategories/UIImage+PadCustomMethods.m"; sourceTree = "<group>"; };
		AC4DE6D21D9D5F5800F8D67B /* PadSearchBarWithAutoComplete.h */ = {isa = PBXFileReference; fileEncoding = 4; lastKnownFileType = sourcecode.c.h; path = PadSearchBarWithAutoComplete.h; sourceTree = "<group>"; };
		AC4DE6D31D9D5F5800F8D67B /* PadSearchBarWithAutoComplete.m */ = {isa = PBXFileReference; fileEncoding = 4; lastKnownFileType = sourcecode.c.objc; path = PadSearchBarWithAutoComplete.m; sourceTree = "<group>"; };
		AC539B1F1D86D14B007ADE60 /* PadAddEventPopoverController.h */ = {isa = PBXFileReference; fileEncoding = 4; lastKnownFileType = sourcecode.c.h; path = PadAddEventPopoverController.h; sourceTree = "<group>"; };
		AC539B201D86D14B007ADE60 /* PadAddEventPopoverController.m */ = {isa = PBXFileReference; fileEncoding = 4; lastKnownFileType = sourcecode.c.objc; path = PadAddEventPopoverController.m; sourceTree = "<group>"; };
		AC5578F41DA489D100C224D6 /* NSDate+PadDayCount.h */ = {isa = PBXFileReference; fileEncoding = 4; lastKnownFileType = sourcecode.c.h; path = "NSDate+PadDayCount.h"; sourceTree = "<group>"; };
		AC5578F51DA489D100C224D6 /* NSDate+PadDayCount.m */ = {isa = PBXFileReference; fileEncoding = 4; lastKnownFileType = sourcecode.c.objc; path = "NSDate+PadDayCount.m"; sourceTree = "<group>"; };
		AC6305EA1DBFE910003B0870 /* PadDateManager.h */ = {isa = PBXFileReference; fileEncoding = 4; lastKnownFileType = sourcecode.c.h; path = PadDateManager.h; sourceTree = "<group>"; };
		AC6305EB1DBFE910003B0870 /* PadDateManager.m */ = {isa = PBXFileReference; fileEncoding = 4; lastKnownFileType = sourcecode.c.objc; path = PadDateManager.m; sourceTree = "<group>"; };
		AC6305EE1DBFEA1F003B0870 /* PadYearCollectionView.h */ = {isa = PBXFileReference; fileEncoding = 4; lastKnownFileType = sourcecode.c.h; path = PadYearCollectionView.h; sourceTree = "<group>"; };
		AC6305EF1DBFEA1F003B0870 /* PadYearCollectionView.m */ = {isa = PBXFileReference; fileEncoding = 4; lastKnownFileType = sourcecode.c.objc; path = PadYearCollectionView.m; sourceTree = "<group>"; };
		AC98583B1DA741F900C1967D /* PadTimePopoverController.h */ = {isa = PBXFileReference; fileEncoding = 4; lastKnownFileType = sourcecode.c.h; path = PadTimePopoverController.h; sourceTree = "<group>"; };
		AC98583C1DA741F900C1967D /* PadTimePopoverController.m */ = {isa = PBXFileReference; fileEncoding = 4; lastKnownFileType = sourcecode.c.objc; path = PadTimePopoverController.m; sourceTree = "<group>"; };
		ACA082BA1DA6493C0042C3C4 /* PadDatePopoverController.h */ = {isa = PBXFileReference; fileEncoding = 4; lastKnownFileType = sourcecode.c.h; path = PadDatePopoverController.h; sourceTree = "<group>"; };
		ACA082BB1DA6493C0042C3C4 /* PadDatePopoverController.m */ = {isa = PBXFileReference; fileEncoding = 4; lastKnownFileType = sourcecode.c.objc; path = PadDatePopoverController.m; sourceTree = "<group>"; };
		ACC8E4701DBE75A00025F648 /* PadYearCalendarView.h */ = {isa = PBXFileReference; fileEncoding = 4; lastKnownFileType = sourcecode.c.h; path = PadYearCalendarView.h; sourceTree = "<group>"; };
		ACC8E4711DBE75A00025F648 /* PadYearCalendarView.m */ = {isa = PBXFileReference; fileEncoding = 4; lastKnownFileType = sourcecode.c.objc; path = PadYearCalendarView.m; sourceTree = "<group>"; };
		ACCD80461D9D609B00E61668 /* PadButtonWithDatePopover.h */ = {isa = PBXFileReference; fileEncoding = 4; lastKnownFileType = sourcecode.c.h; path = PadButtonWithDatePopover.h; sourceTree = "<group>"; };
		ACCD80471D9D609B00E61668 /* PadButtonWithDatePopover.m */ = {isa = PBXFileReference; fileEncoding = 4; lastKnownFileType = sourcecode.c.objc; path = PadButtonWithDatePopover.m; sourceTree = "<group>"; };
		ACCD80491D9D60B100E61668 /* PadButtonWithTimePopover.h */ = {isa = PBXFileReference; fileEncoding = 4; lastKnownFileType = sourcecode.c.h; path = PadButtonWithTimePopover.h; sourceTree = "<group>"; };
		ACCD804A1D9D60B100E61668 /* PadButtonWithTimePopover.m */ = {isa = PBXFileReference; fileEncoding = 4; lastKnownFileType = sourcecode.c.objc; path = PadButtonWithTimePopover.m; sourceTree = "<group>"; };
		ACD41FD21D8426E70071FBDB /* PadAddEventPopoverButton.h */ = {isa = PBXFileReference; fileEncoding = 4; lastKnownFileType = sourcecode.c.h; path = PadAddEventPopoverButton.h; sourceTree = "<group>"; };
		ACD41FD31D8426E70071FBDB /* PadAddEventPopoverButton.m */ = {isa = PBXFileReference; fileEncoding = 4; lastKnownFileType = sourcecode.c.objc; path = PadAddEventPopoverButton.m; sourceTree = "<group>"; };
/* End PBXFileReference section */

/* Begin PBXFrameworksBuildPhase section */
		AC3731471D83B6B700D7EB04 /* Frameworks */ = {
			isa = PBXFrameworksBuildPhase;
			buildActionMask = 2147483647;
			files = (
			);
			runOnlyForDeploymentPostprocessing = 0;
		};
		AC3731601D83B6B700D7EB04 /* Frameworks */ = {
			isa = PBXFrameworksBuildPhase;
			buildActionMask = 2147483647;
			files = (
			);
			runOnlyForDeploymentPostprocessing = 0;
		};
		AC37316B1D83B6B700D7EB04 /* Frameworks */ = {
			isa = PBXFrameworksBuildPhase;
			buildActionMask = 2147483647;
			files = (
			);
			runOnlyForDeploymentPostprocessing = 0;
		};
/* End PBXFrameworksBuildPhase section */

/* Begin PBXGroup section */
		AC057DCB1D9AC0C2005C85AC /* PadEvent */ = {
			isa = PBXGroup;
			children = (
				AC057DCC1D9AC10E005C85AC /* PadEvent.h */,
				AC057DCD1D9AC10E005C85AC /* PadEvent.m */,
			);
			path = PadEvent;
			sourceTree = "<group>";
		};
		AC1F50001DC7CE35005A8B6D /* PadMonthCollectionViewForYearCell */ = {
			isa = PBXGroup;
			children = (
				AC1F50011DC7CEBD005A8B6D /* PadMonthCollectionViewForYearCell.h */,
				AC1F50021DC7CEBD005A8B6D /* PadMonthCollectionViewForYearCell.m */,
				AC1F50071DC7DC71005A8B6D /* PadMonthCellForYearCell.h */,
				AC1F50081DC7DC71005A8B6D /* PadMonthCellForYearCell.m */,
				AC1F500A1DC7DEA0005A8B6D /* PadHeaderMonthForYearCell.h */,
				AC1F500B1DC7DEA0005A8B6D /* PadHeaderMonthForYearCell.m */,
			);
			path = PadMonthCollectionViewForYearCell;
			sourceTree = "<group>";
		};
		AC20CED01DC00FFA008451E6 /* PadYearCell */ = {
			isa = PBXGroup;
			children = (
				AC1F50001DC7CE35005A8B6D /* PadMonthCollectionViewForYearCell */,
				AC20CED11DC010E2008451E6 /* PadYearCell.h */,
				AC20CED21DC010E2008451E6 /* PadYearCell.m */,
			);
			path = PadYearCell;
			sourceTree = "<group>";
		};
		AC24679A1D99625B00881916 /* PadEvent+Popover */ = {
			isa = PBXGroup;
			children = (
				ACCD80451D9D5FAD00E61668 /* PadButtonWithTimePopover */,
				AC4DE6D51D9D5F6400F8D67B /* PadButtonWithDatePopover */,
				AC4DE6D11D9D5EA300F8D67B /* PadSearchBarWithComplete */,
			);
			path = "PadEvent+Popover";
			sourceTree = "<group>";
		};
		AC3731411D83B6B700D7EB04 = {
			isa = PBXGroup;
			children = (
				AC37314C1D83B6B700D7EB04 /* PadCalendar */,
				AC3731661D83B6B700D7EB04 /* PadCalendarTests */,
				AC3731711D83B6B700D7EB04 /* PadCalendarUITests */,
				AC37314B1D83B6B700D7EB04 /* Products */,
			);
			sourceTree = "<group>";
		};
		AC37314B1D83B6B700D7EB04 /* Products */ = {
			isa = PBXGroup;
			children = (
				AC37314A1D83B6B700D7EB04 /* PadCalendar.app */,
				AC3731631D83B6B700D7EB04 /* PadCalendarTests.xctest */,
				AC37316E1D83B6B700D7EB04 /* PadCalendarUITests.xctest */,
			);
			name = Products;
			sourceTree = "<group>";
		};
		AC37314C1D83B6B700D7EB04 /* PadCalendar */ = {
			isa = PBXGroup;
			children = (
				AC37318C1D83DA3100D7EB04 /* PadCalendars */,
				AC3731881D83BE9200D7EB04 /* PadCalendarViewController */,
				AC3731501D83B6B700D7EB04 /* AppDelegate.h */,
				AC3731511D83B6B700D7EB04 /* AppDelegate.m */,
				AC3731561D83B6B700D7EB04 /* Main.storyboard */,
				AC3731591D83B6B700D7EB04 /* Assets.xcassets */,
				AC37315B1D83B6B700D7EB04 /* LaunchScreen.storyboard */,
				AC37315E1D83B6B700D7EB04 /* Info.plist */,
				AC37314D1D83B6B700D7EB04 /* Supporting Files */,
			);
			path = PadCalendar;
			sourceTree = "<group>";
		};
		AC37314D1D83B6B700D7EB04 /* Supporting Files */ = {
			isa = PBXGroup;
			children = (
				AC37314E1D83B6B700D7EB04 /* main.m */,
			);
			name = "Supporting Files";
			sourceTree = "<group>";
		};
		AC3731661D83B6B700D7EB04 /* PadCalendarTests */ = {
			isa = PBXGroup;
			children = (
				AC3731671D83B6B700D7EB04 /* PadCalendarTests.m */,
				AC3731691D83B6B700D7EB04 /* Info.plist */,
			);
			path = PadCalendarTests;
			sourceTree = "<group>";
		};
		AC3731711D83B6B700D7EB04 /* PadCalendarUITests */ = {
			isa = PBXGroup;
			children = (
				AC3731721D83B6B700D7EB04 /* PadCalendarUITests.m */,
				AC3731741D83B6B700D7EB04 /* Info.plist */,
			);
			path = PadCalendarUITests;
			sourceTree = "<group>";
		};
		AC3731881D83BE9200D7EB04 /* PadCalendarViewController */ = {
			isa = PBXGroup;
			children = (
				ACD41FD11D84269C0071FBDB /* PadButtonAddEventWithPopover */,
				AC3731891D83BF1D00D7EB04 /* PadCalendarViewController.h */,
				AC37318A1D83BF1D00D7EB04 /* PadCalendarViewController.m */,
			);
			path = PadCalendarViewController;
			sourceTree = "<group>";
		};
		AC37318C1D83DA3100D7EB04 /* PadCalendars */ = {
			isa = PBXGroup;
			children = (
				ACC8E46F1DBE6FC70025F648 /* PadYearCalendarView */,
				AC37318D1D83DA8C00D7EB04 /* PadCalendars.h */,
				AC37318E1D83DBD900D7EB04 /* Utils */,
			);
			path = PadCalendars;
			sourceTree = "<group>";
		};
		AC37318E1D83DBD900D7EB04 /* Utils */ = {
			isa = PBXGroup;
			children = (
				AC6305E91DBFE8C0003B0870 /* PadDateManager */,
				AC057DCB1D9AC0C2005C85AC /* PadEvent */,
				AC24679A1D99625B00881916 /* PadEvent+Popover */,
				AC3731971D83E12700D7EB04 /* PadColorButtons */,
				AC37318F1D83DC1800D7EB04 /* PadCategories */,
				AC0CF9401D8C2DF000328B31 /* PadConstants.h */,
			);
			path = Utils;
			sourceTree = "<group>";
		};
		AC37318F1D83DC1800D7EB04 /* PadCategories */ = {
			isa = PBXGroup;
			children = (
				AC3731941D83DF1300D7EB04 /* UIColor+PadMoreColors.h */,
				AC3731951D83DF1300D7EB04 /* UIColor+PadMoreColors.m */,
				AC37319B1D83E58100D7EB04 /* UIImage+PadCustomMethods.h */,
				AC37319C1D83E58100D7EB04 /* UIImage+PadCustomMethods.m */,
				AC5578F41DA489D100C224D6 /* NSDate+PadDayCount.h */,
				AC5578F51DA489D100C224D6 /* NSDate+PadDayCount.m */,
			);
			name = PadCategories;
			sourceTree = "<group>";
		};
		AC3731971D83E12700D7EB04 /* PadColorButtons */ = {
			isa = PBXGroup;
			children = (
				AC3731981D83E1BD00D7EB04 /* PadRedAndWhiteButton.h */,
				AC3731991D83E1BD00D7EB04 /* PadRedAndWhiteButton.m */,
			);
			path = PadColorButtons;
			sourceTree = "<group>";
		};
		AC4DE6D11D9D5EA300F8D67B /* PadSearchBarWithComplete */ = {
			isa = PBXGroup;
			children = (
				AC4DE6D21D9D5F5800F8D67B /* PadSearchBarWithAutoComplete.h */,
				AC4DE6D31D9D5F5800F8D67B /* PadSearchBarWithAutoComplete.m */,
			);
			path = PadSearchBarWithComplete;
			sourceTree = "<group>";
		};
		AC4DE6D51D9D5F6400F8D67B /* PadButtonWithDatePopover */ = {
			isa = PBXGroup;
			children = (
				ACCD80461D9D609B00E61668 /* PadButtonWithDatePopover.h */,
				ACCD80471D9D609B00E61668 /* PadButtonWithDatePopover.m */,
				ACA082BA1DA6493C0042C3C4 /* PadDatePopoverController.h */,
				ACA082BB1DA6493C0042C3C4 /* PadDatePopoverController.m */,
			);
			path = PadButtonWithDatePopover;
			sourceTree = "<group>";
		};
		AC6305E91DBFE8C0003B0870 /* PadDateManager */ = {
			isa = PBXGroup;
			children = (
				AC6305EA1DBFE910003B0870 /* PadDateManager.h */,
				AC6305EB1DBFE910003B0870 /* PadDateManager.m */,
			);
			path = PadDateManager;
			sourceTree = "<group>";
		};
		AC6305ED1DBFE9C0003B0870 /* PadYearCollectionView */ = {
			isa = PBXGroup;
			children = (
				AC20CED01DC00FFA008451E6 /* PadYearCell */,
				AC6305EE1DBFEA1F003B0870 /* PadYearCollectionView.h */,
				AC6305EF1DBFEA1F003B0870 /* PadYearCollectionView.m */,
				AC20CECD1DC0051E008451E6 /* PadYearCollectionViewLayout.h */,
				AC20CECE1DC0051E008451E6 /* PadYearCollectionViewLayout.m */,
			);
			path = PadYearCollectionView;
			sourceTree = "<group>";
		};
		ACC8E46F1DBE6FC70025F648 /* PadYearCalendarView */ = {
			isa = PBXGroup;
			children = (
				AC6305ED1DBFE9C0003B0870 /* PadYearCollectionView */,
				ACC8E4701DBE75A00025F648 /* PadYearCalendarView.h */,
				ACC8E4711DBE75A00025F648 /* PadYearCalendarView.m */,
			);
			path = PadYearCalendarView;
			sourceTree = "<group>";
		};
		ACCD80451D9D5FAD00E61668 /* PadButtonWithTimePopover */ = {
			isa = PBXGroup;
			children = (
				ACCD80491D9D60B100E61668 /* PadButtonWithTimePopover.h */,
				ACCD804A1D9D60B100E61668 /* PadButtonWithTimePopover.m */,
				AC98583B1DA741F900C1967D /* PadTimePopoverController.h */,
				AC98583C1DA741F900C1967D /* PadTimePopoverController.m */,
			);
			path = PadButtonWithTimePopover;
			sourceTree = "<group>";
		};
		ACD41FD11D84269C0071FBDB /* PadButtonAddEventWithPopover */ = {
			isa = PBXGroup;
			children = (
				ACD41FD21D8426E70071FBDB /* PadAddEventPopoverButton.h */,
				ACD41FD31D8426E70071FBDB /* PadAddEventPopoverButton.m */,
				AC539B1F1D86D14B007ADE60 /* PadAddEventPopoverController.h */,
				AC539B201D86D14B007ADE60 /* PadAddEventPopoverController.m */,
			);
			path = PadButtonAddEventWithPopover;
			sourceTree = "<group>";
		};
/* End PBXGroup section */

/* Begin PBXNativeTarget section */
		AC3731491D83B6B700D7EB04 /* PadCalendar */ = {
			isa = PBXNativeTarget;
			buildConfigurationList = AC3731771D83B6B700D7EB04 /* Build configuration list for PBXNativeTarget "PadCalendar" */;
			buildPhases = (
				AC3731461D83B6B700D7EB04 /* Sources */,
				AC3731471D83B6B700D7EB04 /* Frameworks */,
				AC3731481D83B6B700D7EB04 /* Resources */,
			);
			buildRules = (
			);
			dependencies = (
			);
			name = PadCalendar;
			productName = PadCalendar;
			productReference = AC37314A1D83B6B700D7EB04 /* PadCalendar.app */;
			productType = "com.apple.product-type.application";
		};
		AC3731621D83B6B700D7EB04 /* PadCalendarTests */ = {
			isa = PBXNativeTarget;
			buildConfigurationList = AC37317A1D83B6B700D7EB04 /* Build configuration list for PBXNativeTarget "PadCalendarTests" */;
			buildPhases = (
				AC37315F1D83B6B700D7EB04 /* Sources */,
				AC3731601D83B6B700D7EB04 /* Frameworks */,
				AC3731611D83B6B700D7EB04 /* Resources */,
			);
			buildRules = (
			);
			dependencies = (
				AC3731651D83B6B700D7EB04 /* PBXTargetDependency */,
			);
			name = PadCalendarTests;
			productName = PadCalendarTests;
			productReference = AC3731631D83B6B700D7EB04 /* PadCalendarTests.xctest */;
			productType = "com.apple.product-type.bundle.unit-test";
		};
		AC37316D1D83B6B700D7EB04 /* PadCalendarUITests */ = {
			isa = PBXNativeTarget;
			buildConfigurationList = AC37317D1D83B6B700D7EB04 /* Build configuration list for PBXNativeTarget "PadCalendarUITests" */;
			buildPhases = (
				AC37316A1D83B6B700D7EB04 /* Sources */,
				AC37316B1D83B6B700D7EB04 /* Frameworks */,
				AC37316C1D83B6B700D7EB04 /* Resources */,
			);
			buildRules = (
			);
			dependencies = (
				AC3731701D83B6B700D7EB04 /* PBXTargetDependency */,
			);
			name = PadCalendarUITests;
			productName = PadCalendarUITests;
			productReference = AC37316E1D83B6B700D7EB04 /* PadCalendarUITests.xctest */;
			productType = "com.apple.product-type.bundle.ui-testing";
		};
/* End PBXNativeTarget section */

/* Begin PBXProject section */
		AC3731421D83B6B700D7EB04 /* Project object */ = {
			isa = PBXProject;
			attributes = {
				LastUpgradeCheck = 0730;
				ORGANIZATIONNAME = GeYue;
				TargetAttributes = {
					AC3731491D83B6B700D7EB04 = {
						CreatedOnToolsVersion = 7.3.1;
					};
					AC3731621D83B6B700D7EB04 = {
						CreatedOnToolsVersion = 7.3.1;
						TestTargetID = AC3731491D83B6B700D7EB04;
					};
					AC37316D1D83B6B700D7EB04 = {
						CreatedOnToolsVersion = 7.3.1;
						TestTargetID = AC3731491D83B6B700D7EB04;
					};
				};
			};
			buildConfigurationList = AC3731451D83B6B700D7EB04 /* Build configuration list for PBXProject "PadCalendar" */;
			compatibilityVersion = "Xcode 3.2";
			developmentRegion = English;
			hasScannedForEncodings = 0;
			knownRegions = (
				en,
				Base,
			);
			mainGroup = AC3731411D83B6B700D7EB04;
			productRefGroup = AC37314B1D83B6B700D7EB04 /* Products */;
			projectDirPath = "";
			projectRoot = "";
			targets = (
				AC3731491D83B6B700D7EB04 /* PadCalendar */,
				AC3731621D83B6B700D7EB04 /* PadCalendarTests */,
				AC37316D1D83B6B700D7EB04 /* PadCalendarUITests */,
			);
		};
/* End PBXProject section */

/* Begin PBXResourcesBuildPhase section */
		AC3731481D83B6B700D7EB04 /* Resources */ = {
			isa = PBXResourcesBuildPhase;
			buildActionMask = 2147483647;
			files = (
				AC37315D1D83B6B700D7EB04 /* LaunchScreen.storyboard in Resources */,
				AC37315A1D83B6B700D7EB04 /* Assets.xcassets in Resources */,
				AC3731581D83B6B700D7EB04 /* Main.storyboard in Resources */,
			);
			runOnlyForDeploymentPostprocessing = 0;
		};
		AC3731611D83B6B700D7EB04 /* Resources */ = {
			isa = PBXResourcesBuildPhase;
			buildActionMask = 2147483647;
			files = (
			);
			runOnlyForDeploymentPostprocessing = 0;
		};
		AC37316C1D83B6B700D7EB04 /* Resources */ = {
			isa = PBXResourcesBuildPhase;
			buildActionMask = 2147483647;
			files = (
			);
			runOnlyForDeploymentPostprocessing = 0;
		};
/* End PBXResourcesBuildPhase section */

/* Begin PBXSourcesBuildPhase section */
		AC3731461D83B6B700D7EB04 /* Sources */ = {
			isa = PBXSourcesBuildPhase;
			buildActionMask = 2147483647;
			files = (
				ACCD804B1D9D60B100E61668 /* PadButtonWithTimePopover.m in Sources */,
				AC1F50091DC7DC71005A8B6D /* PadMonthCellForYearCell.m in Sources */,
				AC3731961D83DF1300D7EB04 /* UIColor+PadMoreColors.m in Sources */,
				AC37319D1D83E58100D7EB04 /* UIImage+PadCustomMethods.m in Sources */,
				ACCD80481D9D609B00E61668 /* PadButtonWithDatePopover.m in Sources */,
				AC1F500C1DC7DEA0005A8B6D /* PadHeaderMonthForYearCell.m in Sources */,
				AC37319A1D83E1BD00D7EB04 /* PadRedAndWhiteButton.m in Sources */,
				AC1F50031DC7CEBD005A8B6D /* PadMonthCollectionViewForYearCell.m in Sources */,
				AC4DE6D41D9D5F5800F8D67B /* PadSearchBarWithAutoComplete.m in Sources */,
				AC057DCE1D9AC10E005C85AC /* PadEvent.m in Sources */,
				AC539B211D86D14B007ADE60 /* PadAddEventPopoverController.m in Sources */,
				AC3731521D83B6B700D7EB04 /* AppDelegate.m in Sources */,
				AC20CECF1DC0051E008451E6 /* PadYearCollectionViewLayout.m in Sources */,
				AC20CED31DC010E2008451E6 /* PadYearCell.m in Sources */,
				AC6305EC1DBFE910003B0870 /* PadDateManager.m in Sources */,
				AC5578F61DA489D100C224D6 /* NSDate+PadDayCount.m in Sources */,
				AC37314F1D83B6B700D7EB04 /* main.m in Sources */,
				ACC8E4721DBE75A00025F648 /* PadYearCalendarView.m in Sources */,
				ACD41FD41D8426E70071FBDB /* PadAddEventPopoverButton.m in Sources */,
				AC37318B1D83BF1D00D7EB04 /* PadCalendarViewController.m in Sources */,
				ACA082BC1DA6493C0042C3C4 /* PadDatePopoverController.m in Sources */,
				AC98583D1DA741F900C1967D /* PadTimePopoverController.m in Sources */,
				AC6305F01DBFEA1F003B0870 /* PadYearCollectionView.m in Sources */,
			);
			runOnlyForDeploymentPostprocessing = 0;
		};
		AC37315F1D83B6B700D7EB04 /* Sources */ = {
			isa = PBXSourcesBuildPhase;
			buildActionMask = 2147483647;
			files = (
				AC3731681D83B6B700D7EB04 /* PadCalendarTests.m in Sources */,
			);
			runOnlyForDeploymentPostprocessing = 0;
		};
		AC37316A1D83B6B700D7EB04 /* Sources */ = {
			isa = PBXSourcesBuildPhase;
			buildActionMask = 2147483647;
			files = (
				AC3731731D83B6B700D7EB04 /* PadCalendarUITests.m in Sources */,
			);
			runOnlyForDeploymentPostprocessing = 0;
		};
/* End PBXSourcesBuildPhase section */

/* Begin PBXTargetDependency section */
		AC3731651D83B6B700D7EB04 /* PBXTargetDependency */ = {
			isa = PBXTargetDependency;
			target = AC3731491D83B6B700D7EB04 /* PadCalendar */;
			targetProxy = AC3731641D83B6B700D7EB04 /* PBXContainerItemProxy */;
		};
		AC3731701D83B6B700D7EB04 /* PBXTargetDependency */ = {
			isa = PBXTargetDependency;
			target = AC3731491D83B6B700D7EB04 /* PadCalendar */;
			targetProxy = AC37316F1D83B6B700D7EB04 /* PBXContainerItemProxy */;
		};
/* End PBXTargetDependency section */

/* Begin PBXVariantGroup section */
		AC3731561D83B6B700D7EB04 /* Main.storyboard */ = {
			isa = PBXVariantGroup;
			children = (
				AC3731571D83B6B700D7EB04 /* Base */,
			);
			name = Main.storyboard;
			sourceTree = "<group>";
		};
		AC37315B1D83B6B700D7EB04 /* LaunchScreen.storyboard */ = {
			isa = PBXVariantGroup;
			children = (
				AC37315C1D83B6B700D7EB04 /* Base */,
			);
			name = LaunchScreen.storyboard;
			sourceTree = "<group>";
		};
/* End PBXVariantGroup section */

/* Begin XCBuildConfiguration section */
		AC3731751D83B6B700D7EB04 /* Debug */ = {
			isa = XCBuildConfiguration;
			buildSettings = {
				ALWAYS_SEARCH_USER_PATHS = NO;
				CLANG_ANALYZER_NONNULL = YES;
				CLANG_CXX_LANGUAGE_STANDARD = "gnu++0x";
				CLANG_CXX_LIBRARY = "libc++";
				CLANG_ENABLE_MODULES = YES;
				CLANG_ENABLE_OBJC_ARC = YES;
				CLANG_WARN_BOOL_CONVERSION = YES;
				CLANG_WARN_CONSTANT_CONVERSION = YES;
				CLANG_WARN_DIRECT_OBJC_ISA_USAGE = YES_ERROR;
				CLANG_WARN_EMPTY_BODY = YES;
				CLANG_WARN_ENUM_CONVERSION = YES;
				CLANG_WARN_INT_CONVERSION = YES;
				CLANG_WARN_OBJC_ROOT_CLASS = YES_ERROR;
				CLANG_WARN_UNREACHABLE_CODE = YES;
				CLANG_WARN__DUPLICATE_METHOD_MATCH = YES;
				"CODE_SIGN_IDENTITY[sdk=iphoneos*]" = "iPhone Developer";
				COPY_PHASE_STRIP = NO;
				DEBUG_INFORMATION_FORMAT = dwarf;
				ENABLE_STRICT_OBJC_MSGSEND = YES;
				ENABLE_TESTABILITY = YES;
				GCC_C_LANGUAGE_STANDARD = gnu99;
				GCC_DYNAMIC_NO_PIC = NO;
				GCC_NO_COMMON_BLOCKS = YES;
				GCC_OPTIMIZATION_LEVEL = 0;
				GCC_PREPROCESSOR_DEFINITIONS = (
					"DEBUG=1",
					"$(inherited)",
				);
				GCC_WARN_64_TO_32_BIT_CONVERSION = YES;
				GCC_WARN_ABOUT_RETURN_TYPE = YES_ERROR;
				GCC_WARN_UNDECLARED_SELECTOR = YES;
				GCC_WARN_UNINITIALIZED_AUTOS = YES_AGGRESSIVE;
				GCC_WARN_UNUSED_FUNCTION = YES;
				GCC_WARN_UNUSED_VARIABLE = YES;
				IPHONEOS_DEPLOYMENT_TARGET = 9.3;
				MTL_ENABLE_DEBUG_INFO = YES;
				ONLY_ACTIVE_ARCH = YES;
				SDKROOT = iphoneos;
				TARGETED_DEVICE_FAMILY = "1,2";
			};
			name = Debug;
		};
		AC3731761D83B6B700D7EB04 /* Release */ = {
			isa = XCBuildConfiguration;
			buildSettings = {
				ALWAYS_SEARCH_USER_PATHS = NO;
				CLANG_ANALYZER_NONNULL = YES;
				CLANG_CXX_LANGUAGE_STANDARD = "gnu++0x";
				CLANG_CXX_LIBRARY = "libc++";
				CLANG_ENABLE_MODULES = YES;
				CLANG_ENABLE_OBJC_ARC = YES;
				CLANG_WARN_BOOL_CONVERSION = YES;
				CLANG_WARN_CONSTANT_CONVERSION = YES;
				CLANG_WARN_DIRECT_OBJC_ISA_USAGE = YES_ERROR;
				CLANG_WARN_EMPTY_BODY = YES;
				CLANG_WARN_ENUM_CONVERSION = YES;
				CLANG_WARN_INT_CONVERSION = YES;
				CLANG_WARN_OBJC_ROOT_CLASS = YES_ERROR;
				CLANG_WARN_UNREACHABLE_CODE = YES;
				CLANG_WARN__DUPLICATE_METHOD_MATCH = YES;
				"CODE_SIGN_IDENTITY[sdk=iphoneos*]" = "iPhone Developer";
				COPY_PHASE_STRIP = NO;
				DEBUG_INFORMATION_FORMAT = "dwarf-with-dsym";
				ENABLE_NS_ASSERTIONS = NO;
				ENABLE_STRICT_OBJC_MSGSEND = YES;
				GCC_C_LANGUAGE_STANDARD = gnu99;
				GCC_NO_COMMON_BLOCKS = YES;
				GCC_WARN_64_TO_32_BIT_CONVERSION = YES;
				GCC_WARN_ABOUT_RETURN_TYPE = YES_ERROR;
				GCC_WARN_UNDECLARED_SELECTOR = YES;
				GCC_WARN_UNINITIALIZED_AUTOS = YES_AGGRESSIVE;
				GCC_WARN_UNUSED_FUNCTION = YES;
				GCC_WARN_UNUSED_VARIABLE = YES;
				IPHONEOS_DEPLOYMENT_TARGET = 9.3;
				MTL_ENABLE_DEBUG_INFO = NO;
				SDKROOT = iphoneos;
				TARGETED_DEVICE_FAMILY = "1,2";
				VALIDATE_PRODUCT = YES;
			};
			name = Release;
		};
		AC3731781D83B6B700D7EB04 /* Debug */ = {
			isa = XCBuildConfiguration;
			buildSettings = {
				ASSETCATALOG_COMPILER_APPICON_NAME = AppIcon;
				INFOPLIST_FILE = PadCalendar/Info.plist;
				LD_RUNPATH_SEARCH_PATHS = "$(inherited) @executable_path/Frameworks";
				PRODUCT_BUNDLE_IDENTIFIER = com.GeYue.Developer.PadCalendar;
				PRODUCT_NAME = "$(TARGET_NAME)";
				TARGETED_DEVICE_FAMILY = 2;
			};
			name = Debug;
		};
		AC3731791D83B6B700D7EB04 /* Release */ = {
			isa = XCBuildConfiguration;
			buildSettings = {
				ASSETCATALOG_COMPILER_APPICON_NAME = AppIcon;
				INFOPLIST_FILE = PadCalendar/Info.plist;
				LD_RUNPATH_SEARCH_PATHS = "$(inherited) @executable_path/Frameworks";
				PRODUCT_BUNDLE_IDENTIFIER = com.GeYue.Developer.PadCalendar;
				PRODUCT_NAME = "$(TARGET_NAME)";
				TARGETED_DEVICE_FAMILY = 2;
			};
			name = Release;
		};
		AC37317B1D83B6B700D7EB04 /* Debug */ = {
			isa = XCBuildConfiguration;
			buildSettings = {
				BUNDLE_LOADER = "$(TEST_HOST)";
				INFOPLIST_FILE = PadCalendarTests/Info.plist;
				LD_RUNPATH_SEARCH_PATHS = "$(inherited) @executable_path/Frameworks @loader_path/Frameworks";
				PRODUCT_BUNDLE_IDENTIFIER = com.GeYue.Developer.PadCalendarTests;
				PRODUCT_NAME = "$(TARGET_NAME)";
				TEST_HOST = "$(BUILT_PRODUCTS_DIR)/PadCalendar.app/PadCalendar";
			};
			name = Debug;
		};
		AC37317C1D83B6B700D7EB04 /* Release */ = {
			isa = XCBuildConfiguration;
			buildSettings = {
				BUNDLE_LOADER = "$(TEST_HOST)";
				INFOPLIST_FILE = PadCalendarTests/Info.plist;
				LD_RUNPATH_SEARCH_PATHS = "$(inherited) @executable_path/Frameworks @loader_path/Frameworks";
				PRODUCT_BUNDLE_IDENTIFIER = com.GeYue.Developer.PadCalendarTests;
				PRODUCT_NAME = "$(TARGET_NAME)";
				TEST_HOST = "$(BUILT_PRODUCTS_DIR)/PadCalendar.app/PadCalendar";
			};
			name = Release;
		};
		AC37317E1D83B6B700D7EB04 /* Debug */ = {
			isa = XCBuildConfiguration;
			buildSettings = {
				INFOPLIST_FILE = PadCalendarUITests/Info.plist;
				LD_RUNPATH_SEARCH_PATHS = "$(inherited) @executable_path/Frameworks @loader_path/Frameworks";
				PRODUCT_BUNDLE_IDENTIFIER = com.GeYue.Developer.PadCalendarUITests;
				PRODUCT_NAME = "$(TARGET_NAME)";
				TEST_TARGET_NAME = PadCalendar;
			};
			name = Debug;
		};
		AC37317F1D83B6B700D7EB04 /* Release */ = {
			isa = XCBuildConfiguration;
			buildSettings = {
				INFOPLIST_FILE = PadCalendarUITests/Info.plist;
				LD_RUNPATH_SEARCH_PATHS = "$(inherited) @executable_path/Frameworks @loader_path/Frameworks";
				PRODUCT_BUNDLE_IDENTIFIER = com.GeYue.Developer.PadCalendarUITests;
				PRODUCT_NAME = "$(TARGET_NAME)";
				TEST_TARGET_NAME = PadCalendar;
			};
			name = Release;
		};
/* End XCBuildConfiguration section */

/* Begin XCConfigurationList section */
		AC3731451D83B6B700D7EB04 /* Build configuration list for PBXProject "PadCalendar" */ = {
			isa = XCConfigurationList;
			buildConfigurations = (
				AC3731751D83B6B700D7EB04 /* Debug */,
				AC3731761D83B6B700D7EB04 /* Release */,
			);
			defaultConfigurationIsVisible = 0;
			defaultConfigurationName = Release;
		};
		AC3731771D83B6B700D7EB04 /* Build configuration list for PBXNativeTarget "PadCalendar" */ = {
			isa = XCConfigurationList;
			buildConfigurations = (
				AC3731781D83B6B700D7EB04 /* Debug */,
				AC3731791D83B6B700D7EB04 /* Release */,
			);
			defaultConfigurationIsVisible = 0;
			defaultConfigurationName = Release;
		};
		AC37317A1D83B6B700D7EB04 /* Build configuration list for PBXNativeTarget "PadCalendarTests" */ = {
			isa = XCConfigurationList;
			buildConfigurations = (
				AC37317B1D83B6B700D7EB04 /* Debug */,
				AC37317C1D83B6B700D7EB04 /* Release */,
			);
			defaultConfigurationIsVisible = 0;
			defaultConfigurationName = Release;
		};
		AC37317D1D83B6B700D7EB04 /* Build configuration list for PBXNativeTarget "PadCalendarUITests" */ = {
			isa = XCConfigurationList;
			buildConfigurations = (
				AC37317E1D83B6B700D7EB04 /* Debug */,
				AC37317F1D83B6B700D7EB04 /* Release */,
			);
			defaultConfigurationIsVisible = 0;
			defaultConfigurationName = Release;
		};
/* End XCConfigurationList section */
	};
	rootObject = AC3731421D83B6B700D7EB04 /* Project object */;
}
